
Microsoft Visual Studio Solution File, Format Version 12.00
# Visual Studio Version 16
VisualStudioVersion = 16.0.30225.117
MinimumVisualStudioVersion = 10.0.40219.1
Project("{FAE04EC0-301F-11D3-BF4B-00C04F79EFBC}") = "AulaDictionaryGenericsSet", "AulaDictionaryGenericsSet.csproj", "{FFDEBD77-6252-44B1-BBE7-247BDB03BEC6}"
EndProject
Global
	GlobalSection(SolutionConfigurationPlatforms) = preSolution
		Debug|Any CPU = Debug|Any CPU
		Release|Any CPU = Release|Any CPU
	EndGlobalSection
	GlobalSection(ProjectConfigurationPlatforms) = postSolution
		{FFDEBD77-6252-44B1-BBE7-247BDB03BEC6}.Debug|Any CPU.ActiveCfg = Debug|Any CPU
		{FFDEBD77-6252-44B1-BBE7-247BDB03BEC6}.Debug|Any CPU.Build.0 = Debug|Any CPU
		{FFDEBD77-6252-44B1-BBE7-247BDB03BEC6}.Release|Any CPU.ActiveCfg = Release|Any CPU
		{FFDEBD77-6252-44B1-BBE7-247BDB03BEC6}.Release|Any CPU.Build.0 = Release|Any CPU
	EndGlobalSection
	GlobalSection(SolutionProperties) = preSolution
		HideSolutionNode = FALSE
	EndGlobalSection
	GlobalSection(ExtensibilityGlobals) = postSolution
		SolutionGuid = {B48CC5FD-CE00-432C-BB6B-D154B89A021C}
	EndGlobalSection
EndGlobal
